
Microsoft Visual Studio Solution File, Format Version 12.00
# Visual Studio 15
VisualStudioVersion = 15.0.26228.9
MinimumVisualStudioVersion = 10.0.40219.1
Project("{FAE04EC0-301F-11D3-BF4B-00C04F79EFBC}") = "WebApiDemo", "WebApiDemo\WebApiDemo.csproj", "{6BDB4F8F-5D2E-4E9A-99FE-41585F873288}"
EndProject
Project("{FAE04EC0-301F-11D3-BF4B-00C04F79EFBC}") = "WebAPIConsumerCsharp", "WebAPIConsumerCsharp\WebAPIConsumerCsharp.csproj", "{ABB07A90-B3BC-47B6-A978-932741705D44}"
EndProject
Global
	GlobalSection(SolutionConfigurationPlatforms) = preSolution
		Debug|Any CPU = Debug|Any CPU
		Release|Any CPU = Release|Any CPU
	EndGlobalSection
	GlobalSection(ProjectConfigurationPlatforms) = postSolution
		{6BDB4F8F-5D2E-4E9A-99FE-41585F873288}.Debug|Any CPU.ActiveCfg = Debug|Any CPU
		{6BDB4F8F-5D2E-4E9A-99FE-41585F873288}.Debug|Any CPU.Build.0 = Debug|Any CPU
		{6BDB4F8F-5D2E-4E9A-99FE-41585F873288}.Release|Any CPU.ActiveCfg = Release|Any CPU
		{6BDB4F8F-5D2E-4E9A-99FE-41585F873288}.Release|Any CPU.Build.0 = Release|Any CPU
		{ABB07A90-B3BC-47B6-A978-932741705D44}.Debug|Any CPU.ActiveCfg = Debug|Any CPU
		{ABB07A90-B3BC-47B6-A978-932741705D44}.Debug|Any CPU.Build.0 = Debug|Any CPU
		{ABB07A90-B3BC-47B6-A978-932741705D44}.Release|Any CPU.ActiveCfg = Release|Any CPU
		{ABB07A90-B3BC-47B6-A978-932741705D44}.Release|Any CPU.Build.0 = Release|Any CPU
	EndGlobalSection
	GlobalSection(SolutionProperties) = preSolution
		HideSolutionNode = FALSE
	EndGlobalSection
EndGlobal
